
Microsoft Visual Studio Solution File, Format Version 12.00
# Visual Studio 15
VisualStudioVersion = 15.0.28010.2048
MinimumVisualStudioVersion = 10.0.40219.1
Project("{FAE04EC0-301F-11D3-BF4B-00C04F79EFBC}") = "couse", "couse\couse.csproj", "{102FA8DD-E019-48FB-B3D2-E685C52A1D78}"
EndProject
Global
	GlobalSection(SolutionConfigurationPlatforms) = preSolution
		Debug|Any CPU = Debug|Any CPU
		Release|Any CPU = Release|Any CPU
	EndGlobalSection
	GlobalSection(ProjectConfigurationPlatforms) = postSolution
		{102FA8DD-E019-48FB-B3D2-E685C52A1D78}.Debug|Any CPU.ActiveCfg = Debug|Any CPU
		{102FA8DD-E019-48FB-B3D2-E685C52A1D78}.Debug|Any CPU.Build.0 = Debug|Any CPU
		{102FA8DD-E019-48FB-B3D2-E685C52A1D78}.Release|Any CPU.ActiveCfg = Release|Any CPU
		{102FA8DD-E019-48FB-B3D2-E685C52A1D78}.Release|Any CPU.Build.0 = Release|Any CPU
	EndGlobalSection
	GlobalSection(SolutionProperties) = preSolution
		HideSolutionNode = FALSE
	EndGlobalSection
	GlobalSection(ExtensibilityGlobals) = postSolution
		SolutionGuid = {C612C199-FCAD-4542-B411-DE2F49F67AE0}
	EndGlobalSection
EndGlobal
